// !$*UTF8*$!
{
	archiveVersion = 1;
	classes = {
	};
	objectVersion = 46;
	objects = {

/* Begin PBXBuildFile section */
		450B83A317FFEDCE005D5A03 /* Images.xcassets in Resources */ = {isa = PBXBuildFile; fileRef = 450B83A217FFEDCE005D5A03 /* Images.xcassets */; };
		74B64A2D155637A900ED8E35 /* UIKit.framework in Frameworks */ = {isa = PBXBuildFile; fileRef = 74B64A2C155637A900ED8E35 /* UIKit.framework */; };
		74B64A2F155637A900ED8E35 /* Foundation.framework in Frameworks */ = {isa = PBXBuildFile; fileRef = 74B64A2E155637A900ED8E35 /* Foundation.framework */; };
		74B64A31155637A900ED8E35 /* CoreGraphics.framework in Frameworks */ = {isa = PBXBuildFile; fileRef = 74B64A30155637A900ED8E35 /* CoreGraphics.framework */; };
		74B64A37155637A900ED8E35 /* InfoPlist.strings in Resources */ = {isa = PBXBuildFile; fileRef = 74B64A35155637A900ED8E35 /* InfoPlist.strings */; };
		74B64A39155637A900ED8E35 /* main.m in Sources */ = {isa = PBXBuildFile; fileRef = 74B64A38155637A900ED8E35 /* main.m */; };
		74B64A3D155637A900ED8E35 /* OOOAppDelegate.m in Sources */ = {isa = PBXBuildFile; fileRef = 74B64A3C155637A900ED8E35 /* OOOAppDelegate.m */; };
		74B64A40155637A900ED8E35 /* MainStoryboard_iPhone.storyboard in Resources */ = {isa = PBXBuildFile; fileRef = 74B64A3E155637A900ED8E35 /* MainStoryboard_iPhone.storyboard */; };
		74B64A43155637A900ED8E35 /* MainStoryboard_iPad.storyboard in Resources */ = {isa = PBXBuildFile; fileRef = 74B64A41155637A900ED8E35 /* MainStoryboard_iPad.storyboard */; };
		74B64A46155637A900ED8E35 /* OOOViewController.m in Sources */ = {isa = PBXBuildFile; fileRef = 74B64A45155637A900ED8E35 /* OOOViewController.m */; };
		74B64A4E155637A900ED8E35 /* SenTestingKit.framework in Frameworks */ = {isa = PBXBuildFile; fileRef = 74B64A4D155637A900ED8E35 /* SenTestingKit.framework */; };
		74B64A4F155637A900ED8E35 /* UIKit.framework in Frameworks */ = {isa = PBXBuildFile; fileRef = 74B64A2C155637A900ED8E35 /* UIKit.framework */; };
		74B64A50155637A900ED8E35 /* Foundation.framework in Frameworks */ = {isa = PBXBuildFile; fileRef = 74B64A2E155637A900ED8E35 /* Foundation.framework */; };
		74B64A58155637A900ED8E35 /* InfoPlist.strings in Resources */ = {isa = PBXBuildFile; fileRef = 74B64A56155637A900ED8E35 /* InfoPlist.strings */; };
		74B64A5B155637A900ED8E35 /* NSRegularExpressionTests.m in Sources */ = {isa = PBXBuildFile; fileRef = 74B64A5A155637A900ED8E35 /* NSRegularExpressionTests.m */; };
/* End PBXBuildFile section */

/* Begin PBXContainerItemProxy section */
		74B64A51155637A900ED8E35 /* PBXContainerItemProxy */ = {
			isa = PBXContainerItemProxy;
			containerPortal = 74B64A1F155637A900ED8E35 /* Project object */;
			proxyType = 1;
			remoteGlobalIDString = 74B64A27155637A900ED8E35;
			remoteInfo = NSRegularExpression;
		};
/* End PBXContainerItemProxy section */

/* Begin PBXFileReference section */
		450B83A217FFEDCE005D5A03 /* Images.xcassets */ = {isa = PBXFileReference; lastKnownFileType = folder.assetcatalog; path = Images.xcassets; sourceTree = "<group>"; };
		450B83A417FFEDDD005D5A03 /* Base */ = {isa = PBXFileReference; lastKnownFileType = file.storyboard; name = Base; path = Base.lproj/MainStoryboard_iPhone.storyboard; sourceTree = "<group>"; };
		450B83A517FFEDDD005D5A03 /* Base */ = {isa = PBXFileReference; lastKnownFileType = file.storyboard; name = Base; path = Base.lproj/MainStoryboard_iPad.storyboard; sourceTree = "<group>"; };
		450B83A617FFEDE2005D5A03 /* ja */ = {isa = PBXFileReference; lastKnownFileType = text.plist.strings; name = ja; path = ja.lproj/MainStoryboard_iPhone.strings; sourceTree = "<group>"; };
		450B83A717FFEDE2005D5A03 /* ja */ = {isa = PBXFileReference; lastKnownFileType = text.plist.strings; name = ja; path = ja.lproj/MainStoryboard_iPad.strings; sourceTree = "<group>"; };
		450B83A817FFEDE2005D5A03 /* ja */ = {isa = PBXFileReference; lastKnownFileType = text.plist.strings; name = ja; path = ja.lproj/InfoPlist.strings; sourceTree = "<group>"; };
		450B83A917FFEDE2005D5A03 /* ja */ = {isa = PBXFileReference; lastKnownFileType = text.plist.strings; name = ja; path = ja.lproj/InfoPlist.strings; sourceTree = "<group>"; };
		74B64A28155637A900ED8E35 /* NSRegularExpression.app */ = {isa = PBXFileReference; explicitFileType = wrapper.application; includeInIndex = 0; path = NSRegularExpression.app; sourceTree = BUILT_PRODUCTS_DIR; };
		74B64A2C155637A900ED8E35 /* UIKit.framework */ = {isa = PBXFileReference; lastKnownFileType = wrapper.framework; name = UIKit.framework; path = System/Library/Frameworks/UIKit.framework; sourceTree = SDKROOT; };
		74B64A2E155637A900ED8E35 /* Foundation.framework */ = {isa = PBXFileReference; lastKnownFileType = wrapper.framework; name = Foundation.framework; path = System/Library/Frameworks/Foundation.framework; sourceTree = SDKROOT; };
		74B64A30155637A900ED8E35 /* CoreGraphics.framework */ = {isa = PBXFileReference; lastKnownFileType = wrapper.framework; name = CoreGraphics.framework; path = System/Library/Frameworks/CoreGraphics.framework; sourceTree = SDKROOT; };
		74B64A34155637A900ED8E35 /* NSRegularExpression-Info.plist */ = {isa = PBXFileReference; lastKnownFileType = text.plist.xml; path = "NSRegularExpression-Info.plist"; sourceTree = "<group>"; };
		74B64A36155637A900ED8E35 /* en */ = {isa = PBXFileReference; lastKnownFileType = text.plist.strings; name = en; path = en.lproj/InfoPlist.strings; sourceTree = "<group>"; };
		74B64A38155637A900ED8E35 /* main.m */ = {isa = PBXFileReference; lastKnownFileType = sourcecode.c.objc; path = main.m; sourceTree = "<group>"; };
		74B64A3A155637A900ED8E35 /* NSRegularExpression-Prefix.pch */ = {isa = PBXFileReference; lastKnownFileType = sourcecode.c.h; path = "NSRegularExpression-Prefix.pch"; sourceTree = "<group>"; };
		74B64A3B155637A900ED8E35 /* OOOAppDelegate.h */ = {isa = PBXFileReference; lastKnownFileType = sourcecode.c.h; path = OOOAppDelegate.h; sourceTree = "<group>"; };
		74B64A3C155637A900ED8E35 /* OOOAppDelegate.m */ = {isa = PBXFileReference; lastKnownFileType = sourcecode.c.objc; path = OOOAppDelegate.m; sourceTree = "<group>"; };
		74B64A44155637A900ED8E35 /* OOOViewController.h */ = {isa = PBXFileReference; lastKnownFileType = sourcecode.c.h; path = OOOViewController.h; sourceTree = "<group>"; };
		74B64A45155637A900ED8E35 /* OOOViewController.m */ = {isa = PBXFileReference; lastKnownFileType = sourcecode.c.objc; path = OOOViewController.m; sourceTree = "<group>"; };
		74B64A4C155637A900ED8E35 /* NSRegularExpressionTests.octest */ = {isa = PBXFileReference; explicitFileType = wrapper.cfbundle; includeInIndex = 0; path = NSRegularExpressionTests.octest; sourceTree = BUILT_PRODUCTS_DIR; };
		74B64A4D155637A900ED8E35 /* SenTestingKit.framework */ = {isa = PBXFileReference; lastKnownFileType = wrapper.framework; name = SenTestingKit.framework; path = Library/Frameworks/SenTestingKit.framework; sourceTree = DEVELOPER_DIR; };
		74B64A55155637A900ED8E35 /* NSRegularExpressionTests-Info.plist */ = {isa = PBXFileReference; lastKnownFileType = text.plist.xml; path = "NSRegularExpressionTests-Info.plist"; sourceTree = "<group>"; };
		74B64A57155637A900ED8E35 /* en */ = {isa = PBXFileReference; lastKnownFileType = text.plist.strings; name = en; path = en.lproj/InfoPlist.strings; sourceTree = "<group>"; };
		74B64A59155637A900ED8E35 /* NSRegularExpressionTests.h */ = {isa = PBXFileReference; lastKnownFileType = sourcecode.c.h; path = NSRegularExpressionTests.h; sourceTree = "<group>"; };
		74B64A5A155637A900ED8E35 /* NSRegularExpressionTests.m */ = {isa = PBXFileReference; lastKnownFileType = sourcecode.c.objc; path = NSRegularExpressionTests.m; sourceTree = "<group>"; };
/* End PBXFileReference section */

/* Begin PBXFrameworksBuildPhase section */
		74B64A25155637A900ED8E35 /* Frameworks */ = {
			isa = PBXFrameworksBuildPhase;
			buildActionMask = 2147483647;
			files = (
				74B64A2D155637A900ED8E35 /* UIKit.framework in Frameworks */,
				74B64A2F155637A900ED8E35 /* Foundation.framework in Frameworks */,
				74B64A31155637A900ED8E35 /* CoreGraphics.framework in Frameworks */,
			);
			runOnlyForDeploymentPostprocessing = 0;
		};
		74B64A48155637A900ED8E35 /* Frameworks */ = {
			isa = PBXFrameworksBuildPhase;
			buildActionMask = 2147483647;
			files = (
				74B64A4E155637A900ED8E35 /* SenTestingKit.framework in Frameworks */,
				74B64A4F155637A900ED8E35 /* UIKit.framework in Frameworks */,
				74B64A50155637A900ED8E35 /* Foundation.framework in Frameworks */,
			);
			runOnlyForDeploymentPostprocessing = 0;
		};
/* End PBXFrameworksBuildPhase section */

/* Begin PBXGroup section */
		74B64A1D155637A900ED8E35 = {
			isa = PBXGroup;
			children = (
				74B64A32155637A900ED8E35 /* NSRegularExpression */,
				74B64A53155637A900ED8E35 /* NSRegularExpressionTests */,
				74B64A2B155637A900ED8E35 /* Frameworks */,
				74B64A29155637A900ED8E35 /* Products */,
			);
			sourceTree = "<group>";
		};
		74B64A29155637A900ED8E35 /* Products */ = {
			isa = PBXGroup;
			children = (
				74B64A28155637A900ED8E35 /* NSRegularExpression.app */,
				74B64A4C155637A900ED8E35 /* NSRegularExpressionTests.octest */,
			);
			name = Products;
			sourceTree = "<group>";
		};
		74B64A2B155637A900ED8E35 /* Frameworks */ = {
			isa = PBXGroup;
			children = (
				74B64A2C155637A900ED8E35 /* UIKit.framework */,
				74B64A2E155637A900ED8E35 /* Foundation.framework */,
				74B64A30155637A900ED8E35 /* CoreGraphics.framework */,
				74B64A4D155637A900ED8E35 /* SenTestingKit.framework */,
			);
			name = Frameworks;
			sourceTree = "<group>";
		};
		74B64A32155637A900ED8E35 /* NSRegularExpression */ = {
			isa = PBXGroup;
			children = (
				74B64A3B155637A900ED8E35 /* OOOAppDelegate.h */,
				74B64A3C155637A900ED8E35 /* OOOAppDelegate.m */,
				74B64A3E155637A900ED8E35 /* MainStoryboard_iPhone.storyboard */,
				74B64A41155637A900ED8E35 /* MainStoryboard_iPad.storyboard */,
				74B64A44155637A900ED8E35 /* OOOViewController.h */,
				74B64A45155637A900ED8E35 /* OOOViewController.m */,
				450B83A217FFEDCE005D5A03 /* Images.xcassets */,
				74B64A33155637A900ED8E35 /* Supporting Files */,
			);
			path = NSRegularExpression;
			sourceTree = "<group>";
		};
		74B64A33155637A900ED8E35 /* Supporting Files */ = {
			isa = PBXGroup;
			children = (
				74B64A34155637A900ED8E35 /* NSRegularExpression-Info.plist */,
				74B64A35155637A900ED8E35 /* InfoPlist.strings */,
				74B64A38155637A900ED8E35 /* main.m */,
				74B64A3A155637A900ED8E35 /* NSRegularExpression-Prefix.pch */,
			);
			name = "Supporting Files";
			sourceTree = "<group>";
		};
		74B64A53155637A900ED8E35 /* NSRegularExpressionTests */ = {
			isa = PBXGroup;
			children = (
				74B64A59155637A900ED8E35 /* NSRegularExpressionTests.h */,
				74B64A5A155637A900ED8E35 /* NSRegularExpressionTests.m */,
				74B64A54155637A900ED8E35 /* Supporting Files */,
			);
			path = NSRegularExpressionTests;
			sourceTree = "<group>";
		};
		74B64A54155637A900ED8E35 /* Supporting Files */ = {
			isa = PBXGroup;
			children = (
				74B64A55155637A900ED8E35 /* NSRegularExpressionTests-Info.plist */,
				74B64A56155637A900ED8E35 /* InfoPlist.strings */,
			);
			name = "Supporting Files";
			sourceTree = "<group>";
		};
/* End PBXGroup section */

/* Begin PBXNativeTarget section */
		74B64A27155637A900ED8E35 /* NSRegularExpression */ = {
			isa = PBXNativeTarget;
			buildConfigurationList = 74B64A5E155637A900ED8E35 /* Build configuration list for PBXNativeTarget "NSRegularExpression" */;
			buildPhases = (
				74B64A24155637A900ED8E35 /* Sources */,
				74B64A25155637A900ED8E35 /* Frameworks */,
				74B64A26155637A900ED8E35 /* Resources */,
			);
			buildRules = (
			);
			dependencies = (
			);
			name = NSRegularExpression;
			productName = NSRegularExpression;
			productReference = 74B64A28155637A900ED8E35 /* NSRegularExpression.app */;
			productType = "com.apple.product-type.application";
		};
		74B64A4B155637A900ED8E35 /* NSRegularExpressionTests */ = {
			isa = PBXNativeTarget;
			buildConfigurationList = 74B64A61155637A900ED8E35 /* Build configuration list for PBXNativeTarget "NSRegularExpressionTests" */;
			buildPhases = (
				74B64A47155637A900ED8E35 /* Sources */,
				74B64A48155637A900ED8E35 /* Frameworks */,
				74B64A49155637A900ED8E35 /* Resources */,
				74B64A4A155637A900ED8E35 /* ShellScript */,
			);
			buildRules = (
			);
			dependencies = (
				74B64A52155637A900ED8E35 /* PBXTargetDependency */,
			);
			name = NSRegularExpressionTests;
			productName = NSRegularExpressionTests;
			productReference = 74B64A4C155637A900ED8E35 /* NSRegularExpressionTests.octest */;
			productType = "com.apple.product-type.bundle";
		};
/* End PBXNativeTarget section */

/* Begin PBXProject section */
		74B64A1F155637A900ED8E35 /* Project object */ = {
			isa = PBXProject;
			attributes = {
				CLASSPREFIX = OOO;
				LastUpgradeCheck = 0430;
			};
			buildConfigurationList = 74B64A22155637A900ED8E35 /* Build configuration list for PBXProject "NSRegularExpression" */;
			compatibilityVersion = "Xcode 3.2";
			developmentRegion = English;
			hasScannedForEncodings = 0;
			knownRegions = (
				en,
				Base,
				ja,
			);
			mainGroup = 74B64A1D155637A900ED8E35;
			productRefGroup = 74B64A29155637A900ED8E35 /* Products */;
			projectDirPath = "";
			projectRoot = "";
			targets = (
				74B64A27155637A900ED8E35 /* NSRegularExpression */,
				74B64A4B155637A900ED8E35 /* NSRegularExpressionTests */,
			);
		};
/* End PBXProject section */

/* Begin PBXResourcesBuildPhase section */
		74B64A26155637A900ED8E35 /* Resources */ = {
			isa = PBXResourcesBuildPhase;
			buildActionMask = 2147483647;
			files = (
				74B64A37155637A900ED8E35 /* InfoPlist.strings in Resources */,
				450B83A317FFEDCE005D5A03 /* Images.xcassets in Resources */,
				74B64A40155637A900ED8E35 /* MainStoryboard_iPhone.storyboard in Resources */,
				74B64A43155637A900ED8E35 /* MainStoryboard_iPad.storyboard in Resources */,
			);
			runOnlyForDeploymentPostprocessing = 0;
		};
		74B64A49155637A900ED8E35 /* Resources */ = {
			isa = PBXResourcesBuildPhase;
			buildActionMask = 2147483647;
			files = (
				74B64A58155637A900ED8E35 /* InfoPlist.strings in Resources */,
			);
			runOnlyForDeploymentPostprocessing = 0;
		};
/* End PBXResourcesBuildPhase section */

/* Begin PBXShellScriptBuildPhase section */
		74B64A4A155637A900ED8E35 /* ShellScript */ = {
			isa = PBXShellScriptBuildPhase;
			buildActionMask = 2147483647;
			files = (
			);
			inputPaths = (
			);
			outputPaths = (
			);
			runOnlyForDeploymentPostprocessing = 0;
			shellPath = /bin/sh;
			shellScript = "# Run the unit tests in this test bundle.\n\"${SYSTEM_DEVELOPER_DIR}/Tools/RunUnitTests\"\n";
		};
/* End PBXShellScriptBuildPhase section */

/* Begin PBXSourcesBuildPhase section */
		74B64A24155637A900ED8E35 /* Sources */ = {
			isa = PBXSourcesBuildPhase;
			buildActionMask = 2147483647;
			files = (
				74B64A39155637A900ED8E35 /* main.m in Sources */,
				74B64A3D155637A900ED8E35 /* OOOAppDelegate.m in Sources */,
				74B64A46155637A900ED8E35 /* OOOViewController.m in Sources */,
			);
			runOnlyForDeploymentPostprocessing = 0;
		};
		74B64A47155637A900ED8E35 /* Sources */ = {
			isa = PBXSourcesBuildPhase;
			buildActionMask = 2147483647;
			files = (
				74B64A5B155637A900ED8E35 /* NSRegularExpressionTests.m in Sources */,
			);
			runOnlyForDeploymentPostprocessing = 0;
		};
/* End PBXSourcesBuildPhase section */

/* Begin PBXTargetDependency section */
		74B64A52155637A900ED8E35 /* PBXTargetDependency */ = {
			isa = PBXTargetDependency;
			target = 74B64A27155637A900ED8E35 /* NSRegularExpression */;
			targetProxy = 74B64A51155637A900ED8E35 /* PBXContainerItemProxy */;
		};
/* End PBXTargetDependency section */

/* Begin PBXVariantGroup section */
		74B64A35155637A900ED8E35 /* InfoPlist.strings */ = {
			isa = PBXVariantGroup;
			children = (
				74B64A36155637A900ED8E35 /* en */,
				450B83A817FFEDE2005D5A03 /* ja */,
			);
			name = InfoPlist.strings;
			sourceTree = "<group>";
		};
		74B64A3E155637A900ED8E35 /* MainStoryboard_iPhone.storyboard */ = {
			isa = PBXVariantGroup;
			children = (
				450B83A417FFEDDD005D5A03 /* Base */,
				450B83A617FFEDE2005D5A03 /* ja */,
			);
			name = MainStoryboard_iPhone.storyboard;
			sourceTree = "<group>";
		};
		74B64A41155637A900ED8E35 /* MainStoryboard_iPad.storyboard */ = {
			isa = PBXVariantGroup;
			children = (
				450B83A517FFEDDD005D5A03 /* Base */,
				450B83A717FFEDE2005D5A03 /* ja */,
			);
			name = MainStoryboard_iPad.storyboard;
			sourceTree = "<group>";
		};
		74B64A56155637A900ED8E35 /* InfoPlist.strings */ = {
			isa = PBXVariantGroup;
			children = (
				74B64A57155637A900ED8E35 /* en */,
				450B83A917FFEDE2005D5A03 /* ja */,
			);
			name = InfoPlist.strings;
			sourceTree = "<group>";
		};
/* End PBXVariantGroup section */

/* Begin XCBuildConfiguration section */
		74B64A5C155637A900ED8E35 /* Debug */ = {
			isa = XCBuildConfiguration;
			buildSettings = {
				ALWAYS_SEARCH_USER_PATHS = NO;
				ARCHS = "$(ARCHS_STANDARD_32_BIT)";
				CLANG_ENABLE_OBJC_ARC = YES;
				"CODE_SIGN_IDENTITY[sdk=iphoneos*]" = "iPhone Developer";
				COPY_PHASE_STRIP = NO;
				GCC_C_LANGUAGE_STANDARD = gnu99;
				GCC_DYNAMIC_NO_PIC = NO;
				GCC_OPTIMIZATION_LEVEL = 0;
				GCC_PREPROCESSOR_DEFINITIONS = (
					"DEBUG=1",
					"$(inherited)",
				);
				GCC_SYMBOLS_PRIVATE_EXTERN = NO;
				GCC_VERSION = com.apple.compilers.llvm.clang.1_0;
				GCC_WARN_ABOUT_RETURN_TYPE = YES;
				GCC_WARN_UNINITIALIZED_AUTOS = YES;
				GCC_WARN_UNUSED_VARIABLE = YES;
				IPHONEOS_DEPLOYMENT_TARGET = 7.0;
				SDKROOT = iphoneos;
				TARGETED_DEVICE_FAMILY = "1,2";
			};
			name = Debug;
		};
		74B64A5D155637A900ED8E35 /* Release */ = {
			isa = XCBuildConfiguration;
			buildSettings = {
				ALWAYS_SEARCH_USER_PATHS = NO;
				ARCHS = "$(ARCHS_STANDARD_32_BIT)";
				CLANG_ENABLE_OBJC_ARC = YES;
				"CODE_SIGN_IDENTITY[sdk=iphoneos*]" = "iPhone Developer";
				COPY_PHASE_STRIP = YES;
				GCC_C_LANGUAGE_STANDARD = gnu99;
				GCC_VERSION = com.apple.compilers.llvm.clang.1_0;
				GCC_WARN_ABOUT_RETURN_TYPE = YES;
				GCC_WARN_UNINITIALIZED_AUTOS = YES;
				GCC_WARN_UNUSED_VARIABLE = YES;
				IPHONEOS_DEPLOYMENT_TARGET = 7.0;
				OTHER_CFLAGS = "-DNS_BLOCK_ASSERTIONS=1";
				SDKROOT = iphoneos;
				TARGETED_DEVICE_FAMILY = "1,2";
				VALIDATE_PRODUCT = YES;
			};
			name = Release;
		};
		74B64A5F155637A900ED8E35 /* Debug */ = {
			isa = XCBuildConfiguration;
			buildSettings = {
				ASSETCATALOG_COMPILER_APPICON_NAME = AppIcon;
				ASSETCATALOG_COMPILER_LAUNCHIMAGE_NAME = LaunchImage;
				GCC_PRECOMPILE_PREFIX_HEADER = YES;
				GCC_PREFIX_HEADER = "NSRegularExpression/NSRegularExpression-Prefix.pch";
				INFOPLIST_FILE = "NSRegularExpression/NSRegularExpression-Info.plist";
				IPHONEOS_DEPLOYMENT_TARGET = 7.0;
				PRODUCT_NAME = "$(TARGET_NAME)";
				WRAPPER_EXTENSION = app;
			};
			name = Debug;
		};
		74B64A60155637A900ED8E35 /* Release */ = {
			isa = XCBuildConfiguration;
			buildSettings = {
				ASSETCATALOG_COMPILER_APPICON_NAME = AppIcon;
				ASSETCATALOG_COMPILER_LAUNCHIMAGE_NAME = LaunchImage;
				GCC_PRECOMPILE_PREFIX_HEADER = YES;
				GCC_PREFIX_HEADER = "NSRegularExpression/NSRegularExpression-Prefix.pch";
				INFOPLIST_FILE = "NSRegularExpression/NSRegularExpression-Info.plist";
				IPHONEOS_DEPLOYMENT_TARGET = 7.0;
				PRODUCT_NAME = "$(TARGET_NAME)";
				WRAPPER_EXTENSION = app;
			};
			name = Release;
		};
		74B64A62155637A900ED8E35 /* Debug */ = {
			isa = XCBuildConfiguration;
			buildSettings = {
				BUNDLE_LOADER = "$(BUILT_PRODUCTS_DIR)/NSRegularExpression.app/NSRegularExpression";
				FRAMEWORK_SEARCH_PATHS = (
					"$(SDKROOT)/Developer/Library/Frameworks",
					"$(DEVELOPER_LIBRARY_DIR)/Frameworks",
				);
				GCC_PRECOMPILE_PREFIX_HEADER = YES;
				GCC_PREFIX_HEADER = "NSRegularExpression/NSRegularExpression-Prefix.pch";
				INFOPLIST_FILE = "NSRegularExpressionTests/NSRegularExpressionTests-Info.plist";
				PRODUCT_NAME = "$(TARGET_NAME)";
				TEST_HOST = "$(BUNDLE_LOADER)";
				WRAPPER_EXTENSION = octest;
			};
			name = Debug;
		};
		74B64A63155637A900ED8E35 /* Release */ = {
			isa = XCBuildConfiguration;
			buildSettings = {
				BUNDLE_LOADER = "$(BUILT_PRODUCTS_DIR)/NSRegularExpression.app/NSRegularExpression";
				FRAMEWORK_SEARCH_PATHS = (
					"$(SDKROOT)/Developer/Library/Frameworks",
					"$(DEVELOPER_LIBRARY_DIR)/Frameworks",
				);
				GCC_PRECOMPILE_PREFIX_HEADER = YES;
				GCC_PREFIX_HEADER = "NSRegularExpression/NSRegularExpression-Prefix.pch";
				INFOPLIST_FILE = "NSRegularExpressionTests/NSRegularExpressionTests-Info.plist";
				PRODUCT_NAME = "$(TARGET_NAME)";
				TEST_HOST = "$(BUNDLE_LOADER)";
				WRAPPER_EXTENSION = octest;
			};
			name = Release;
		};
/* End XCBuildConfiguration section */

/* Begin XCConfigurationList section */
		74B64A22155637A900ED8E35 /* Build configuration list for PBXProject "NSRegularExpression" */ = {
			isa = XCConfigurationList;
			buildConfigurations = (
				74B64A5C155637A900ED8E35 /* Debug */,
				74B64A5D155637A900ED8E35 /* Release */,
			);
			defaultConfigurationIsVisible = 0;
			defaultConfigurationName = Release;
		};
		74B64A5E155637A900ED8E35 /* Build configuration list for PBXNativeTarget "NSRegularExpression" */ = {
			isa = XCConfigurationList;
			buildConfigurations = (
				74B64A5F155637A900ED8E35 /* Debug */,
				74B64A60155637A900ED8E35 /* Release */,
			);
			defaultConfigurationIsVisible = 0;
			defaultConfigurationName = Release;
		};
		74B64A61155637A900ED8E35 /* Build configuration list for PBXNativeTarget "NSRegularExpressionTests" */ = {
			isa = XCConfigurationList;
			buildConfigurations = (
				74B64A62155637A900ED8E35 /* Debug */,
				74B64A63155637A900ED8E35 /* Release */,
			);
			defaultConfigurationIsVisible = 0;
			defaultConfigurationName = Release;
		};
/* End XCConfigurationList section */
	};
	rootObject = 74B64A1F155637A900ED8E35 /* Project object */;
}
