// !$*UTF8*$!
{
	archiveVersion = 1;
	classes = {
	};
	objectVersion = 46;
	objects = {

/* Begin PBXBuildFile section */
		740EEF2015CD477B00CE53B5 /* UIKit.framework in Frameworks */ = {isa = PBXBuildFile; fileRef = 740EEF1F15CD477B00CE53B5 /* UIKit.framework */; };
		740EEF2215CD477B00CE53B5 /* Foundation.framework in Frameworks */ = {isa = PBXBuildFile; fileRef = 740EEF2115CD477B00CE53B5 /* Foundation.framework */; };
		740EEF2415CD477B00CE53B5 /* CoreGraphics.framework in Frameworks */ = {isa = PBXBuildFile; fileRef = 740EEF2315CD477B00CE53B5 /* CoreGraphics.framework */; };
		740EEF2A15CD477B00CE53B5 /* InfoPlist.strings in Resources */ = {isa = PBXBuildFile; fileRef = 740EEF2815CD477B00CE53B5 /* InfoPlist.strings */; };
		740EEF2C15CD477B00CE53B5 /* main.m in Sources */ = {isa = PBXBuildFile; fileRef = 740EEF2B15CD477B00CE53B5 /* main.m */; };
		740EEF3015CD477B00CE53B5 /* OOOAppDelegate.m in Sources */ = {isa = PBXBuildFile; fileRef = 740EEF2F15CD477B00CE53B5 /* OOOAppDelegate.m */; };
		740EEF3315CD477B00CE53B5 /* MainStoryboard_iPhone.storyboard in Resources */ = {isa = PBXBuildFile; fileRef = 740EEF3115CD477B00CE53B5 /* MainStoryboard_iPhone.storyboard */; };
		740EEF3615CD477B00CE53B5 /* MainStoryboard_iPad.storyboard in Resources */ = {isa = PBXBuildFile; fileRef = 740EEF3415CD477B00CE53B5 /* MainStoryboard_iPad.storyboard */; };
		740EEF3915CD477B00CE53B5 /* OOOViewController.m in Sources */ = {isa = PBXBuildFile; fileRef = 740EEF3815CD477B00CE53B5 /* OOOViewController.m */; };
		740EEF4115CD477B00CE53B5 /* SenTestingKit.framework in Frameworks */ = {isa = PBXBuildFile; fileRef = 740EEF4015CD477B00CE53B5 /* SenTestingKit.framework */; };
		740EEF4215CD477B00CE53B5 /* UIKit.framework in Frameworks */ = {isa = PBXBuildFile; fileRef = 740EEF1F15CD477B00CE53B5 /* UIKit.framework */; };
		740EEF4315CD477B00CE53B5 /* Foundation.framework in Frameworks */ = {isa = PBXBuildFile; fileRef = 740EEF2115CD477B00CE53B5 /* Foundation.framework */; };
		740EEF4B15CD477B00CE53B5 /* InfoPlist.strings in Resources */ = {isa = PBXBuildFile; fileRef = 740EEF4915CD477B00CE53B5 /* InfoPlist.strings */; };
		740EEF4E15CD477B00CE53B5 /* NSMutableSetTests.m in Sources */ = {isa = PBXBuildFile; fileRef = 740EEF4D15CD477B00CE53B5 /* NSMutableSetTests.m */; };
/* End PBXBuildFile section */

/* Begin PBXContainerItemProxy section */
		740EEF4415CD477B00CE53B5 /* PBXContainerItemProxy */ = {
			isa = PBXContainerItemProxy;
			containerPortal = 740EEF1215CD477B00CE53B5 /* Project object */;
			proxyType = 1;
			remoteGlobalIDString = 740EEF1A15CD477B00CE53B5;
			remoteInfo = NSMutableSet;
		};
/* End PBXContainerItemProxy section */

/* Begin PBXFileReference section */
		740EEF1B15CD477B00CE53B5 /* NSMutableSet.app */ = {isa = PBXFileReference; explicitFileType = wrapper.application; includeInIndex = 0; path = NSMutableSet.app; sourceTree = BUILT_PRODUCTS_DIR; };
		740EEF1F15CD477B00CE53B5 /* UIKit.framework */ = {isa = PBXFileReference; lastKnownFileType = wrapper.framework; name = UIKit.framework; path = System/Library/Frameworks/UIKit.framework; sourceTree = SDKROOT; };
		740EEF2115CD477B00CE53B5 /* Foundation.framework */ = {isa = PBXFileReference; lastKnownFileType = wrapper.framework; name = Foundation.framework; path = System/Library/Frameworks/Foundation.framework; sourceTree = SDKROOT; };
		740EEF2315CD477B00CE53B5 /* CoreGraphics.framework */ = {isa = PBXFileReference; lastKnownFileType = wrapper.framework; name = CoreGraphics.framework; path = System/Library/Frameworks/CoreGraphics.framework; sourceTree = SDKROOT; };
		740EEF2715CD477B00CE53B5 /* NSMutableSet-Info.plist */ = {isa = PBXFileReference; lastKnownFileType = text.plist.xml; path = "NSMutableSet-Info.plist"; sourceTree = "<group>"; };
		740EEF2915CD477B00CE53B5 /* en */ = {isa = PBXFileReference; lastKnownFileType = text.plist.strings; name = en; path = en.lproj/InfoPlist.strings; sourceTree = "<group>"; };
		740EEF2B15CD477B00CE53B5 /* main.m */ = {isa = PBXFileReference; lastKnownFileType = sourcecode.c.objc; path = main.m; sourceTree = "<group>"; };
		740EEF2D15CD477B00CE53B5 /* NSMutableSet-Prefix.pch */ = {isa = PBXFileReference; lastKnownFileType = sourcecode.c.h; path = "NSMutableSet-Prefix.pch"; sourceTree = "<group>"; };
		740EEF2E15CD477B00CE53B5 /* OOOAppDelegate.h */ = {isa = PBXFileReference; lastKnownFileType = sourcecode.c.h; path = OOOAppDelegate.h; sourceTree = "<group>"; };
		740EEF2F15CD477B00CE53B5 /* OOOAppDelegate.m */ = {isa = PBXFileReference; lastKnownFileType = sourcecode.c.objc; path = OOOAppDelegate.m; sourceTree = "<group>"; };
		740EEF3215CD477B00CE53B5 /* en */ = {isa = PBXFileReference; lastKnownFileType = file.storyboard; name = en; path = en.lproj/MainStoryboard_iPhone.storyboard; sourceTree = "<group>"; };
		740EEF3515CD477B00CE53B5 /* en */ = {isa = PBXFileReference; lastKnownFileType = file.storyboard; name = en; path = en.lproj/MainStoryboard_iPad.storyboard; sourceTree = "<group>"; };
		740EEF3715CD477B00CE53B5 /* OOOViewController.h */ = {isa = PBXFileReference; lastKnownFileType = sourcecode.c.h; path = OOOViewController.h; sourceTree = "<group>"; };
		740EEF3815CD477B00CE53B5 /* OOOViewController.m */ = {isa = PBXFileReference; lastKnownFileType = sourcecode.c.objc; path = OOOViewController.m; sourceTree = "<group>"; };
		740EEF3F15CD477B00CE53B5 /* NSMutableSetTests.octest */ = {isa = PBXFileReference; explicitFileType = wrapper.cfbundle; includeInIndex = 0; path = NSMutableSetTests.octest; sourceTree = BUILT_PRODUCTS_DIR; };
		740EEF4015CD477B00CE53B5 /* SenTestingKit.framework */ = {isa = PBXFileReference; lastKnownFileType = wrapper.framework; name = SenTestingKit.framework; path = Library/Frameworks/SenTestingKit.framework; sourceTree = DEVELOPER_DIR; };
		740EEF4815CD477B00CE53B5 /* NSMutableSetTests-Info.plist */ = {isa = PBXFileReference; lastKnownFileType = text.plist.xml; path = "NSMutableSetTests-Info.plist"; sourceTree = "<group>"; };
		740EEF4A15CD477B00CE53B5 /* en */ = {isa = PBXFileReference; lastKnownFileType = text.plist.strings; name = en; path = en.lproj/InfoPlist.strings; sourceTree = "<group>"; };
		740EEF4C15CD477B00CE53B5 /* NSMutableSetTests.h */ = {isa = PBXFileReference; lastKnownFileType = sourcecode.c.h; path = NSMutableSetTests.h; sourceTree = "<group>"; };
		740EEF4D15CD477B00CE53B5 /* NSMutableSetTests.m */ = {isa = PBXFileReference; lastKnownFileType = sourcecode.c.objc; path = NSMutableSetTests.m; sourceTree = "<group>"; };
/* End PBXFileReference section */

/* Begin PBXFrameworksBuildPhase section */
		740EEF1815CD477B00CE53B5 /* Frameworks */ = {
			isa = PBXFrameworksBuildPhase;
			buildActionMask = 2147483647;
			files = (
				740EEF2015CD477B00CE53B5 /* UIKit.framework in Frameworks */,
				740EEF2215CD477B00CE53B5 /* Foundation.framework in Frameworks */,
				740EEF2415CD477B00CE53B5 /* CoreGraphics.framework in Frameworks */,
			);
			runOnlyForDeploymentPostprocessing = 0;
		};
		740EEF3B15CD477B00CE53B5 /* Frameworks */ = {
			isa = PBXFrameworksBuildPhase;
			buildActionMask = 2147483647;
			files = (
				740EEF4115CD477B00CE53B5 /* SenTestingKit.framework in Frameworks */,
				740EEF4215CD477B00CE53B5 /* UIKit.framework in Frameworks */,
				740EEF4315CD477B00CE53B5 /* Foundation.framework in Frameworks */,
			);
			runOnlyForDeploymentPostprocessing = 0;
		};
/* End PBXFrameworksBuildPhase section */

/* Begin PBXGroup section */
		740EEF1015CD477B00CE53B5 = {
			isa = PBXGroup;
			children = (
				740EEF2515CD477B00CE53B5 /* NSMutableSet */,
				740EEF4615CD477B00CE53B5 /* NSMutableSetTests */,
				740EEF1E15CD477B00CE53B5 /* Frameworks */,
				740EEF1C15CD477B00CE53B5 /* Products */,
			);
			sourceTree = "<group>";
		};
		740EEF1C15CD477B00CE53B5 /* Products */ = {
			isa = PBXGroup;
			children = (
				740EEF1B15CD477B00CE53B5 /* NSMutableSet.app */,
				740EEF3F15CD477B00CE53B5 /* NSMutableSetTests.octest */,
			);
			name = Products;
			sourceTree = "<group>";
		};
		740EEF1E15CD477B00CE53B5 /* Frameworks */ = {
			isa = PBXGroup;
			children = (
				740EEF1F15CD477B00CE53B5 /* UIKit.framework */,
				740EEF2115CD477B00CE53B5 /* Foundation.framework */,
				740EEF2315CD477B00CE53B5 /* CoreGraphics.framework */,
				740EEF4015CD477B00CE53B5 /* SenTestingKit.framework */,
			);
			name = Frameworks;
			sourceTree = "<group>";
		};
		740EEF2515CD477B00CE53B5 /* NSMutableSet */ = {
			isa = PBXGroup;
			children = (
				740EEF2E15CD477B00CE53B5 /* OOOAppDelegate.h */,
				740EEF2F15CD477B00CE53B5 /* OOOAppDelegate.m */,
				740EEF3115CD477B00CE53B5 /* MainStoryboard_iPhone.storyboard */,
				740EEF3415CD477B00CE53B5 /* MainStoryboard_iPad.storyboard */,
				740EEF3715CD477B00CE53B5 /* OOOViewController.h */,
				740EEF3815CD477B00CE53B5 /* OOOViewController.m */,
				740EEF2615CD477B00CE53B5 /* Supporting Files */,
			);
			path = NSMutableSet;
			sourceTree = "<group>";
		};
		740EEF2615CD477B00CE53B5 /* Supporting Files */ = {
			isa = PBXGroup;
			children = (
				740EEF2715CD477B00CE53B5 /* NSMutableSet-Info.plist */,
				740EEF2815CD477B00CE53B5 /* InfoPlist.strings */,
				740EEF2B15CD477B00CE53B5 /* main.m */,
				740EEF2D15CD477B00CE53B5 /* NSMutableSet-Prefix.pch */,
			);
			name = "Supporting Files";
			sourceTree = "<group>";
		};
		740EEF4615CD477B00CE53B5 /* NSMutableSetTests */ = {
			isa = PBXGroup;
			children = (
				740EEF4C15CD477B00CE53B5 /* NSMutableSetTests.h */,
				740EEF4D15CD477B00CE53B5 /* NSMutableSetTests.m */,
				740EEF4715CD477B00CE53B5 /* Supporting Files */,
			);
			path = NSMutableSetTests;
			sourceTree = "<group>";
		};
		740EEF4715CD477B00CE53B5 /* Supporting Files */ = {
			isa = PBXGroup;
			children = (
				740EEF4815CD477B00CE53B5 /* NSMutableSetTests-Info.plist */,
				740EEF4915CD477B00CE53B5 /* InfoPlist.strings */,
			);
			name = "Supporting Files";
			sourceTree = "<group>";
		};
/* End PBXGroup section */

/* Begin PBXNativeTarget section */
		740EEF1A15CD477B00CE53B5 /* NSMutableSet */ = {
			isa = PBXNativeTarget;
			buildConfigurationList = 740EEF5115CD477B00CE53B5 /* Build configuration list for PBXNativeTarget "NSMutableSet" */;
			buildPhases = (
				740EEF1715CD477B00CE53B5 /* Sources */,
				740EEF1815CD477B00CE53B5 /* Frameworks */,
				740EEF1915CD477B00CE53B5 /* Resources */,
			);
			buildRules = (
			);
			dependencies = (
			);
			name = NSMutableSet;
			productName = NSMutableSet;
			productReference = 740EEF1B15CD477B00CE53B5 /* NSMutableSet.app */;
			productType = "com.apple.product-type.application";
		};
		740EEF3E15CD477B00CE53B5 /* NSMutableSetTests */ = {
			isa = PBXNativeTarget;
			buildConfigurationList = 740EEF5415CD477B00CE53B5 /* Build configuration list for PBXNativeTarget "NSMutableSetTests" */;
			buildPhases = (
				740EEF3A15CD477B00CE53B5 /* Sources */,
				740EEF3B15CD477B00CE53B5 /* Frameworks */,
				740EEF3C15CD477B00CE53B5 /* Resources */,
				740EEF3D15CD477B00CE53B5 /* ShellScript */,
			);
			buildRules = (
			);
			dependencies = (
				740EEF4515CD477B00CE53B5 /* PBXTargetDependency */,
			);
			name = NSMutableSetTests;
			productName = NSMutableSetTests;
			productReference = 740EEF3F15CD477B00CE53B5 /* NSMutableSetTests.octest */;
			productType = "com.apple.product-type.bundle";
		};
/* End PBXNativeTarget section */

/* Begin PBXProject section */
		740EEF1215CD477B00CE53B5 /* Project object */ = {
			isa = PBXProject;
			attributes = {
				CLASSPREFIX = OOO;
				LastUpgradeCheck = 0440;
				ORGANIZATIONNAME = "Satoshi Oomori";
			};
			buildConfigurationList = 740EEF1515CD477B00CE53B5 /* Build configuration list for PBXProject "NSMutableSet" */;
			compatibilityVersion = "Xcode 3.2";
			developmentRegion = English;
			hasScannedForEncodings = 0;
			knownRegions = (
				en,
			);
			mainGroup = 740EEF1015CD477B00CE53B5;
			productRefGroup = 740EEF1C15CD477B00CE53B5 /* Products */;
			projectDirPath = "";
			projectRoot = "";
			targets = (
				740EEF1A15CD477B00CE53B5 /* NSMutableSet */,
				740EEF3E15CD477B00CE53B5 /* NSMutableSetTests */,
			);
		};
/* End PBXProject section */

/* Begin PBXResourcesBuildPhase section */
		740EEF1915CD477B00CE53B5 /* Resources */ = {
			isa = PBXResourcesBuildPhase;
			buildActionMask = 2147483647;
			files = (
				740EEF2A15CD477B00CE53B5 /* InfoPlist.strings in Resources */,
				740EEF3315CD477B00CE53B5 /* MainStoryboard_iPhone.storyboard in Resources */,
				740EEF3615CD477B00CE53B5 /* MainStoryboard_iPad.storyboard in Resources */,
			);
			runOnlyForDeploymentPostprocessing = 0;
		};
		740EEF3C15CD477B00CE53B5 /* Resources */ = {
			isa = PBXResourcesBuildPhase;
			buildActionMask = 2147483647;
			files = (
				740EEF4B15CD477B00CE53B5 /* InfoPlist.strings in Resources */,
			);
			runOnlyForDeploymentPostprocessing = 0;
		};
/* End PBXResourcesBuildPhase section */

/* Begin PBXShellScriptBuildPhase section */
		740EEF3D15CD477B00CE53B5 /* ShellScript */ = {
			isa = PBXShellScriptBuildPhase;
			buildActionMask = 2147483647;
			files = (
			);
			inputPaths = (
			);
			outputPaths = (
			);
			runOnlyForDeploymentPostprocessing = 0;
			shellPath = /bin/sh;
			shellScript = "# Run the unit tests in this test bundle.\n\"${SYSTEM_DEVELOPER_DIR}/Tools/RunUnitTests\"\n";
		};
/* End PBXShellScriptBuildPhase section */

/* Begin PBXSourcesBuildPhase section */
		740EEF1715CD477B00CE53B5 /* Sources */ = {
			isa = PBXSourcesBuildPhase;
			buildActionMask = 2147483647;
			files = (
				740EEF2C15CD477B00CE53B5 /* main.m in Sources */,
				740EEF3015CD477B00CE53B5 /* OOOAppDelegate.m in Sources */,
				740EEF3915CD477B00CE53B5 /* OOOViewController.m in Sources */,
			);
			runOnlyForDeploymentPostprocessing = 0;
		};
		740EEF3A15CD477B00CE53B5 /* Sources */ = {
			isa = PBXSourcesBuildPhase;
			buildActionMask = 2147483647;
			files = (
				740EEF4E15CD477B00CE53B5 /* NSMutableSetTests.m in Sources */,
			);
			runOnlyForDeploymentPostprocessing = 0;
		};
/* End PBXSourcesBuildPhase section */

/* Begin PBXTargetDependency section */
		740EEF4515CD477B00CE53B5 /* PBXTargetDependency */ = {
			isa = PBXTargetDependency;
			target = 740EEF1A15CD477B00CE53B5 /* NSMutableSet */;
			targetProxy = 740EEF4415CD477B00CE53B5 /* PBXContainerItemProxy */;
		};
/* End PBXTargetDependency section */

/* Begin PBXVariantGroup section */
		740EEF2815CD477B00CE53B5 /* InfoPlist.strings */ = {
			isa = PBXVariantGroup;
			children = (
				740EEF2915CD477B00CE53B5 /* en */,
			);
			name = InfoPlist.strings;
			sourceTree = "<group>";
		};
		740EEF3115CD477B00CE53B5 /* MainStoryboard_iPhone.storyboard */ = {
			isa = PBXVariantGroup;
			children = (
				740EEF3215CD477B00CE53B5 /* en */,
			);
			name = MainStoryboard_iPhone.storyboard;
			sourceTree = "<group>";
		};
		740EEF3415CD477B00CE53B5 /* MainStoryboard_iPad.storyboard */ = {
			isa = PBXVariantGroup;
			children = (
				740EEF3515CD477B00CE53B5 /* en */,
			);
			name = MainStoryboard_iPad.storyboard;
			sourceTree = "<group>";
		};
		740EEF4915CD477B00CE53B5 /* InfoPlist.strings */ = {
			isa = PBXVariantGroup;
			children = (
				740EEF4A15CD477B00CE53B5 /* en */,
			);
			name = InfoPlist.strings;
			sourceTree = "<group>";
		};
/* End PBXVariantGroup section */

/* Begin XCBuildConfiguration section */
		740EEF4F15CD477B00CE53B5 /* Debug */ = {
			isa = XCBuildConfiguration;
			buildSettings = {
				ALWAYS_SEARCH_USER_PATHS = NO;
				ARCHS = "$(ARCHS_STANDARD_32_BIT)";
				CLANG_CXX_LANGUAGE_STANDARD = "gnu++0x";
				CLANG_ENABLE_OBJC_ARC = YES;
				CLANG_WARN__DUPLICATE_METHOD_MATCH = YES;
				"CODE_SIGN_IDENTITY[sdk=iphoneos*]" = "iPhone Developer";
				COPY_PHASE_STRIP = NO;
				GCC_C_LANGUAGE_STANDARD = gnu99;
				GCC_DYNAMIC_NO_PIC = NO;
				GCC_OPTIMIZATION_LEVEL = 0;
				GCC_PREPROCESSOR_DEFINITIONS = (
					"DEBUG=1",
					"$(inherited)",
				);
				GCC_SYMBOLS_PRIVATE_EXTERN = NO;
				GCC_VERSION = com.apple.compilers.llvm.clang.1_0;
				GCC_WARN_ABOUT_RETURN_TYPE = YES;
				GCC_WARN_UNINITIALIZED_AUTOS = YES;
				GCC_WARN_UNUSED_VARIABLE = YES;
				IPHONEOS_DEPLOYMENT_TARGET = 5.1;
				SDKROOT = iphoneos;
				TARGETED_DEVICE_FAMILY = "1,2";
			};
			name = Debug;
		};
		740EEF5015CD477B00CE53B5 /* Release */ = {
			isa = XCBuildConfiguration;
			buildSettings = {
				ALWAYS_SEARCH_USER_PATHS = NO;
				ARCHS = "$(ARCHS_STANDARD_32_BIT)";
				CLANG_CXX_LANGUAGE_STANDARD = "gnu++0x";
				CLANG_ENABLE_OBJC_ARC = YES;
				CLANG_WARN__DUPLICATE_METHOD_MATCH = YES;
				"CODE_SIGN_IDENTITY[sdk=iphoneos*]" = "iPhone Developer";
				COPY_PHASE_STRIP = YES;
				GCC_C_LANGUAGE_STANDARD = gnu99;
				GCC_VERSION = com.apple.compilers.llvm.clang.1_0;
				GCC_WARN_ABOUT_RETURN_TYPE = YES;
				GCC_WARN_UNINITIALIZED_AUTOS = YES;
				GCC_WARN_UNUSED_VARIABLE = YES;
				IPHONEOS_DEPLOYMENT_TARGET = 5.1;
				OTHER_CFLAGS = "-DNS_BLOCK_ASSERTIONS=1";
				SDKROOT = iphoneos;
				TARGETED_DEVICE_FAMILY = "1,2";
				VALIDATE_PRODUCT = YES;
			};
			name = Release;
		};
		740EEF5215CD477B00CE53B5 /* Debug */ = {
			isa = XCBuildConfiguration;
			buildSettings = {
				GCC_PRECOMPILE_PREFIX_HEADER = YES;
				GCC_PREFIX_HEADER = "NSMutableSet/NSMutableSet-Prefix.pch";
				INFOPLIST_FILE = "NSMutableSet/NSMutableSet-Info.plist";
				PRODUCT_NAME = "$(TARGET_NAME)";
				WRAPPER_EXTENSION = app;
			};
			name = Debug;
		};
		740EEF5315CD477B00CE53B5 /* Release */ = {
			isa = XCBuildConfiguration;
			buildSettings = {
				GCC_PRECOMPILE_PREFIX_HEADER = YES;
				GCC_PREFIX_HEADER = "NSMutableSet/NSMutableSet-Prefix.pch";
				INFOPLIST_FILE = "NSMutableSet/NSMutableSet-Info.plist";
				PRODUCT_NAME = "$(TARGET_NAME)";
				WRAPPER_EXTENSION = app;
			};
			name = Release;
		};
		740EEF5515CD477B00CE53B5 /* Debug */ = {
			isa = XCBuildConfiguration;
			buildSettings = {
				BUNDLE_LOADER = "$(BUILT_PRODUCTS_DIR)/NSMutableSet.app/NSMutableSet";
				FRAMEWORK_SEARCH_PATHS = (
					"\"$(SDKROOT)/Developer/Library/Frameworks\"",
					"\"$(DEVELOPER_LIBRARY_DIR)/Frameworks\"",
				);
				GCC_PRECOMPILE_PREFIX_HEADER = YES;
				GCC_PREFIX_HEADER = "NSMutableSet/NSMutableSet-Prefix.pch";
				INFOPLIST_FILE = "NSMutableSetTests/NSMutableSetTests-Info.plist";
				PRODUCT_NAME = "$(TARGET_NAME)";
				TEST_HOST = "$(BUNDLE_LOADER)";
				WRAPPER_EXTENSION = octest;
			};
			name = Debug;
		};
		740EEF5615CD477B00CE53B5 /* Release */ = {
			isa = XCBuildConfiguration;
			buildSettings = {
				BUNDLE_LOADER = "$(BUILT_PRODUCTS_DIR)/NSMutableSet.app/NSMutableSet";
				FRAMEWORK_SEARCH_PATHS = (
					"\"$(SDKROOT)/Developer/Library/Frameworks\"",
					"\"$(DEVELOPER_LIBRARY_DIR)/Frameworks\"",
				);
				GCC_PRECOMPILE_PREFIX_HEADER = YES;
				GCC_PREFIX_HEADER = "NSMutableSet/NSMutableSet-Prefix.pch";
				INFOPLIST_FILE = "NSMutableSetTests/NSMutableSetTests-Info.plist";
				PRODUCT_NAME = "$(TARGET_NAME)";
				TEST_HOST = "$(BUNDLE_LOADER)";
				WRAPPER_EXTENSION = octest;
			};
			name = Release;
		};
/* End XCBuildConfiguration section */

/* Begin XCConfigurationList section */
		740EEF1515CD477B00CE53B5 /* Build configuration list for PBXProject "NSMutableSet" */ = {
			isa = XCConfigurationList;
			buildConfigurations = (
				740EEF4F15CD477B00CE53B5 /* Debug */,
				740EEF5015CD477B00CE53B5 /* Release */,
			);
			defaultConfigurationIsVisible = 0;
			defaultConfigurationName = Release;
		};
		740EEF5115CD477B00CE53B5 /* Build configuration list for PBXNativeTarget "NSMutableSet" */ = {
			isa = XCConfigurationList;
			buildConfigurations = (
				740EEF5215CD477B00CE53B5 /* Debug */,
				740EEF5315CD477B00CE53B5 /* Release */,
			);
			defaultConfigurationIsVisible = 0;
		};
		740EEF5415CD477B00CE53B5 /* Build configuration list for PBXNativeTarget "NSMutableSetTests" */ = {
			isa = XCConfigurationList;
			buildConfigurations = (
				740EEF5515CD477B00CE53B5 /* Debug */,
				740EEF5615CD477B00CE53B5 /* Release */,
			);
			defaultConfigurationIsVisible = 0;
		};
/* End XCConfigurationList section */
	};
	rootObject = 740EEF1215CD477B00CE53B5 /* Project object */;
}
